<?xml version="1.0" encoding="utf-8"?>
<Project ToolsVersion="4.0" xmlns="http://schemas.microsoft.com/developer/msbuild/2003">
  <ItemGroup>
    <Filter Include="Windows">
      <UniqueIdentifier>{d6cce347-2308-40dd-a183-97875fbb8e94}</UniqueIdentifier>
    </Filter>
    <Filter Include="OpenGL">
      <UniqueIdentifier>{95954383-5d13-4ad5-ae0e-afabb3e3ee65}</UniqueIdentifier>
    </Filter>
    <Filter Include="Direct3D">
      <UniqueIdentifier>{d9966c9c-cbc3-420c-9fa8-54ce93510030}</UniqueIdentifier>
    </Filter>
  </ItemGroup>
  <ItemGroup>
    <ClCompile Include="Direct3D\cConstantBuffer.d3d.cpp">
      <Filter>Direct3D</Filter>
    </ClCompile>
    <ClCompile Include="Direct3D\cRenderState.d3d.cpp">
      <Filter>Direct3D</Filter>
    </ClCompile>
    <ClCompile Include="Direct3D\cSamplerState.d3d.cpp">
      <Filter>Direct3D</Filter>
    </ClCompile>
    <ClCompile Include="Direct3D\cShader.d3d.cpp">
      <Filter>Direct3D</Filter>
    </ClCompile>
    <ClCompile Include="Direct3D\sContext.d3d.cpp">
      <Filter>Direct3D</Filter>
    </ClCompile>
    <ClCompile Include="OpenGL\cConstantBuffer.gl.cpp">
      <Filter>OpenGL</Filter>
    </ClCompile>
    <ClCompile Include="OpenGL\cRenderState.gl.cpp">
      <Filter>OpenGL</Filter>
    </ClCompile>
    <ClCompile Include="OpenGL\cSamplerState.gl.cpp">
      <Filter>OpenGL</Filter>
    </ClCompile>
    <ClCompile Include="OpenGL\cShader.gl.cpp">
      <Filter>OpenGL</Filter>
    </ClCompile>
    <ClCompile Include="OpenGL\sContext.gl.cpp">
      <Filter>OpenGL</Filter>
    </ClCompile>
    <ClCompile Include="cConstantBuffer.cpp" />
    <ClCompile Include="cRenderState.cpp" />
    <ClCompile Include="cSamplerState.cpp" />
    <ClCompile Include="cShader.cpp" />
    <ClCompile Include="Graphics.cpp" />
    <ClCompile Include="sContext.cpp" />
    <ClCompile Include="Effect.cpp" />
    <ClCompile Include="OpenGL\Sprites.gl.cpp">
      <Filter>OpenGL</Filter>
    </ClCompile>
    <ClCompile Include="Direct3D\Sprites.d3d.cpp">
      <Filter>Direct3D</Filter>
    </ClCompile>
    <ClCompile Include="Direct3D\CgraphicsAbstractionLayer.d3d.cpp">
      <Filter>Direct3D</Filter>
    </ClCompile>
    <ClCompile Include="OpenGL\cGraphicsAbstractionLayer.gl.cpp">
      <Filter>OpenGL</Filter>
    </ClCompile>
    <ClCompile Include="Sprites.cpp" />
    <ClCompile Include="cTexture.cpp" />
    <ClCompile Include="Direct3D\cTexture.d3d.cpp">
      <Filter>Direct3D</Filter>
    </ClCompile>
    <ClCompile Include="OpenGL\cTexture.gl.cpp">
      <Filter>OpenGL</Filter>
    </ClCompile>
    <ClCompile Include="OpenGL\Mesh.gl.cpp">
      <Filter>OpenGL</Filter>
    </ClCompile>
    <ClCompile Include="Direct3D\Mesh.d3d.cpp">
      <Filter>Direct3D</Filter>
    </ClCompile>
    <ClCompile Include="Mesh.cpp" />
  </ItemGroup>
  <ItemGroup>
    <ClInclude Include="Direct3D\Includes.h">
      <Filter>Direct3D</Filter>
    </ClInclude>
    <ClInclude Include="OpenGL\Includes.h">
      <Filter>OpenGL</Filter>
    </ClInclude>
    <ClInclude Include="Windows\ExternalLibraries.win.h">
      <Filter>Windows</Filter>
    </ClInclude>
    <ClInclude Include="cConstantBuffer.h" />
    <ClInclude Include="Configuration.h" />
    <ClInclude Include="ConstantBufferFormats.h" />
    <ClInclude Include="cRenderState.h" />
    <ClInclude Include="cSamplerState.h" />
    <ClInclude Include="cShader.h" />
    <ClInclude Include="Graphics.h" />
    <ClInclude Include="sContext.h" />
    <ClInclude Include="VertexFormats.h" />
    <ClInclude Include="Effect.h" />
    <ClInclude Include="sSpriteVertexFormat.h" />
    <ClInclude Include="Sprites.h" />
    <ClInclude Include="GraphicsAbstractionLayer.h" />
    <ClInclude Include="Direct3D\Effect.d3d.h">
      <Filter>Direct3D</Filter>
    </ClInclude>
    <ClInclude Include="OpenGL\Effect.gl.h">
      <Filter>OpenGL</Filter>
    </ClInclude>
    <ClInclude Include="sColor.h" />
    <ClInclude Include="cTexture.h" />
    <ClInclude Include="TextureFormats.h" />
    <ClInclude Include="Mesh.h" />
  </ItemGroup>
  <ItemGroup>
    <None Include="cRenderState.inl" />
  </ItemGroup>
</Project>